<?xml version="1.0" encoding="utf-8"?>
<Project ToolsVersion="4.0" xmlns="http://schemas.microsoft.com/developer/msbuild/2003">
  <ItemGroup>
    <Filter Include="File di origine">
      <UniqueIdentifier>{4FC737F1-C7A5-4376-A066-2A32D752A2FF}</UniqueIdentifier>
      <Extensions>cpp;c;cc;cxx;c++;cppm;ixx;def;odl;idl;hpj;bat;asm;asmx</Extensions>
    </Filter>
    <Filter Include="File di intestazione">
      <UniqueIdentifier>{93995380-89BD-4b04-88EB-625FBE52EBFB}</UniqueIdentifier>
      <Extensions>h;hh;hpp;hxx;h++;hm;inl;inc;ipp;xsd</Extensions>
    </Filter>
    <Filter Include="File di risorse">
      <UniqueIdentifier>{67DA6AB6-F800-4c08-8B7A-83BB121AAD01}</UniqueIdentifier>
      <Extensions>rc;ico;cur;bmp;dlg;rc2;rct;bin;rgs;gif;jpg;jpeg;jpe;resx;tiff;tif;png;wav;mfcribbon-ms</Extensions>
    </Filter>
    <Filter Include="Engine">
      <UniqueIdentifier>{6E5167D7-59CA-4CA3-A288-4EEAE34B465C}</UniqueIdentifier>
    </Filter>
    <Filter Include="Engine\Platform">
      <UniqueIdentifier>{307C3B84-2BEB-43EA-A0B2-1614466023E4}</UniqueIdentifier>
    </Filter>
    <Filter Include="Engine\Renderer">
      <UniqueIdentifier>{E4ECAC9A-A33D-47F1-8F68-5BBD12588EE3}</UniqueIdentifier>
    </Filter>
    <Filter Include="Engine\Resources">
      <UniqueIdentifier>{76DE2E66-8541-4EAF-89C9-76C35FA53383}</UniqueIdentifier>
    </Filter>
    <Filter Include="Engine\Services">
      <UniqueIdentifier>{7049C1CA-FD03-4D8B-B466-EFA91D24124F}</UniqueIdentifier>
    </Filter>
    <Filter Include="Engine\Scene">
      <UniqueIdentifier>{CB74613A-85CC-4C0B-85D3-10396506BC71}</UniqueIdentifier>
    </Filter>
    <Filter Include="Engine\Events">
      <UniqueIdentifier>{C4CB0D46-21FB-4DC2-AF57-E9018F38B06B}</UniqueIdentifier>
    </Filter>
    <Filter Include="Engine\ThirdParty">
      <UniqueIdentifier>{D287B1BC-F1FB-4A77-9E9D-B49ACF7057A4}</UniqueIdentifier>
    </Filter>
    <Filter Include="Engine\Vulkan">
      <UniqueIdentifier>{98B05178-0A17-4F36-AC9B-0640C81228EE}</UniqueIdentifier>
    </Filter>
  </ItemGroup>
  <ItemGroup>
    <ClCompile Include="main_raii.cpp" />
    <ClCompile Include="Engine\Vulkan\VulkanContext.cpp">
      <Filter>Engine\Vulkan</Filter>
    </ClCompile>
    <ClCompile Include="Engine\Platform\Window.cpp">
      <Filter>Engine\Platform</Filter>
    </ClCompile>
    <ClCompile Include="Engine\Renderer\SwapchainResources.cpp">
      <Filter>Engine\Renderer</Filter>
    </ClCompile>
    <ClCompile Include="Engine\Renderer\RenderTargetResources.cpp">
      <Filter>Engine\Renderer</Filter>
    </ClCompile>
    <ClCompile Include="Engine\Renderer\FrameResources.cpp">
      <Filter>Engine\Renderer</Filter>
    </ClCompile>
    <ClCompile Include="Engine\Resources\ImageAllocation.cpp">
      <Filter>Engine\Resources</Filter>
    </ClCompile>
    <ClCompile Include="Engine\Resources\MaterialResource.cpp">
      <Filter>Engine\Resources</Filter>
    </ClCompile>
    <ClCompile Include="Engine\Resources\BufferAllocation.cpp">
      <Filter>Engine\Resources</Filter>
    </ClCompile>
    <ClCompile Include="Engine\Resources\MeshResource.cpp">
      <Filter>Engine\Resources</Filter>
    </ClCompile>
    <ClCompile Include="Engine\Resources\TextureResource.cpp">
      <Filter>Engine\Resources</Filter>
    </ClCompile>
    <ClCompile Include="Engine\Scene\CameraComponent.cpp">
      <Filter>Engine\Scene</Filter>
    </ClCompile>
    <ClCompile Include="Engine\Scene\Component.cpp">
      <Filter>Engine\Scene</Filter>
    </ClCompile>
    <ClCompile Include="Engine\Events\Event.cpp">
      <Filter>Engine\Events</Filter>
    </ClCompile>
    <ClCompile Include="Engine\Events\EventBus.cpp">
      <Filter>Engine\Events</Filter>
    </ClCompile>
    <ClCompile Include="Engine\Events\EventSubscription.cpp">
      <Filter>Engine\Events</Filter>
    </ClCompile>
    <ClCompile Include="Engine\Scene\GameObject.cpp">
      <Filter>Engine\Scene</Filter>
    </ClCompile>
    <ClCompile Include="Engine\Scene\MeshComponent.cpp">
      <Filter>Engine\Scene</Filter>
    </ClCompile>
    <ClCompile Include="Engine\Scene\Scene.cpp">
      <Filter>Engine\Scene</Filter>
    </ClCompile>
    <ClCompile Include="Engine\Scene\SceneContext.cpp">
      <Filter>Engine\Scene</Filter>
    </ClCompile>
    <ClCompile Include="Engine\Scene\TransformComponent.cpp">
      <Filter>Engine\Scene</Filter>
    </ClCompile>
    <ClCompile Include="Engine\Services\ServiceLocator.cpp">
      <Filter>Engine\Services</Filter>
    </ClCompile>
    <ClCompile Include="Engine\ThirdParty\ThirdPartyImplementations.cpp">
      <Filter>Engine\ThirdParty</Filter>
    </ClCompile>
  </ItemGroup>
  <ItemGroup>
    <ClInclude Include="Engine\Platform\Window.h">
      <Filter>Engine\Platform</Filter>
    </ClInclude>
    <ClInclude Include="Engine\Renderer\SwapchainResources.h">
      <Filter>Engine\Renderer</Filter>
    </ClInclude>
    <ClInclude Include="Engine\Renderer\RenderTargetResources.h">
      <Filter>Engine\Renderer</Filter>
    </ClInclude>
    <ClInclude Include="Engine\Renderer\FrameResources.h">
      <Filter>Engine\Renderer</Filter>
    </ClInclude>
    <ClInclude Include="Engine\Resources\ImageAllocation.h">
      <Filter>Engine\Resources</Filter>
    </ClInclude>
    <ClInclude Include="Engine\Resources\MaterialResource.h">
      <Filter>Engine\Resources</Filter>
    </ClInclude>
    <ClInclude Include="Engine\Resources\BufferAllocation.h">
      <Filter>Engine\Resources</Filter>
    </ClInclude>
    <ClInclude Include="Engine\Resources\MeshResource.h">
      <Filter>Engine\Resources</Filter>
    </ClInclude>
    <ClInclude Include="Engine\Resources\TextureResource.h">
      <Filter>Engine\Resources</Filter>
    </ClInclude>
    <ClInclude Include="Engine\Scene\CameraComponent.h">
      <Filter>Engine\Scene</Filter>
    </ClInclude>
    <ClInclude Include="Engine\Scene\Component.h">
      <Filter>Engine\Scene</Filter>
    </ClInclude>
    <ClInclude Include="Engine\Events\Event.h">
      <Filter>Engine\Events</Filter>
    </ClInclude>
    <ClInclude Include="Engine\Events\EventBus.h">
      <Filter>Engine\Events</Filter>
    </ClInclude>
    <ClInclude Include="Engine\Events\EventSubscription.h">
      <Filter>Engine\Events</Filter>
    </ClInclude>
    <ClInclude Include="Engine\Scene\GameObject.h">
      <Filter>Engine\Scene</Filter>
    </ClInclude>
    <ClInclude Include="Engine\Scene\MeshComponent.h">
      <Filter>Engine\Scene</Filter>
    </ClInclude>
    <ClInclude Include="Engine\Scene\Scene.h">
      <Filter>Engine\Scene</Filter>
    </ClInclude>
    <ClInclude Include="Engine\Scene\SceneContext.h">
      <Filter>Engine\Scene</Filter>
    </ClInclude>
    <ClInclude Include="Engine\Scene\TransformComponent.h">
      <Filter>Engine\Scene</Filter>
    </ClInclude>
    <ClInclude Include="Engine\Services\ServiceLocator.h">
      <Filter>Engine\Services</Filter>
    </ClInclude>
    <ClInclude Include="Engine\Vulkan\VulkanContext.h">
      <Filter>Engine\Vulkan</Filter>
    </ClInclude>
  </ItemGroup>
  <ItemGroup>
    <None Include="main.cpp" />
    <None Include="Shaders\compute.slang" />
    <None Include="Shaders\particles.slang" />
  </ItemGroup>
  <ItemGroup>
    <CustomBuild Include="Shaders\shader.slang" />
  </ItemGroup>
</Project>
